
Microsoft Visual Studio Solution File, Format Version 12.00
# Visual Studio Version 17
VisualStudioVersion = 17.8.34316.72
MinimumVisualStudioVersion = 10.0.40219.1
Project("{FAE04EC0-301F-11D3-BF4B-00C04F79EFBC}") = "Application", "Application\Application.csproj", "{D2587C83-3803-4696-AC9B-61A1FAF737C7}"
EndProject
Project("{FAE04EC0-301F-11D3-BF4B-00C04F79EFBC}") = "Domain", "Domain\Domain.csproj", "{3864F9B1-E8A7-4D8D-9022-8063C9D04CEB}"
EndProject
Project("{FAE04EC0-301F-11D3-BF4B-00C04F79EFBC}") = "Service", "Service\Service.csproj", "{55BEF733-B307-4611-B0CC-371D93736046}"
EndProject
Project("{FAE04EC0-301F-11D3-BF4B-00C04F79EFBC}") = "Infrastructure", "Infrastructure\Infrastructure.csproj", "{775FC518-6227-482B-8C6A-4207D49B4DAB}"
EndProject
Global
	GlobalSection(SolutionConfigurationPlatforms) = preSolution
		Debug|Any CPU = Debug|Any CPU
		Release|Any CPU = Release|Any CPU
	EndGlobalSection
	GlobalSection(ProjectConfigurationPlatforms) = postSolution
		{D2587C83-3803-4696-AC9B-61A1FAF737C7}.Debug|Any CPU.ActiveCfg = Debug|Any CPU
		{D2587C83-3803-4696-AC9B-61A1FAF737C7}.Debug|Any CPU.Build.0 = Debug|Any CPU
		{D2587C83-3803-4696-AC9B-61A1FAF737C7}.Release|Any CPU.ActiveCfg = Release|Any CPU
		{D2587C83-3803-4696-AC9B-61A1FAF737C7}.Release|Any CPU.Build.0 = Release|Any CPU
		{3864F9B1-E8A7-4D8D-9022-8063C9D04CEB}.Debug|Any CPU.ActiveCfg = Debug|Any CPU
		{3864F9B1-E8A7-4D8D-9022-8063C9D04CEB}.Debug|Any CPU.Build.0 = Debug|Any CPU
		{3864F9B1-E8A7-4D8D-9022-8063C9D04CEB}.Release|Any CPU.ActiveCfg = Release|Any CPU
		{3864F9B1-E8A7-4D8D-9022-8063C9D04CEB}.Release|Any CPU.Build.0 = Release|Any CPU
		{55BEF733-B307-4611-B0CC-371D93736046}.Debug|Any CPU.ActiveCfg = Debug|Any CPU
		{55BEF733-B307-4611-B0CC-371D93736046}.Debug|Any CPU.Build.0 = Debug|Any CPU
		{55BEF733-B307-4611-B0CC-371D93736046}.Release|Any CPU.ActiveCfg = Release|Any CPU
		{55BEF733-B307-4611-B0CC-371D93736046}.Release|Any CPU.Build.0 = Release|Any CPU
		{775FC518-6227-482B-8C6A-4207D49B4DAB}.Debug|Any CPU.ActiveCfg = Debug|Any CPU
		{775FC518-6227-482B-8C6A-4207D49B4DAB}.Debug|Any CPU.Build.0 = Debug|Any CPU
		{775FC518-6227-482B-8C6A-4207D49B4DAB}.Release|Any CPU.ActiveCfg = Release|Any CPU
		{775FC518-6227-482B-8C6A-4207D49B4DAB}.Release|Any CPU.Build.0 = Release|Any CPU
	EndGlobalSection
	GlobalSection(SolutionProperties) = preSolution
		HideSolutionNode = FALSE
	EndGlobalSection
	GlobalSection(ExtensibilityGlobals) = postSolution
		SolutionGuid = {7806ACEE-8546-43C2-A205-760F1254C0CB}
	EndGlobalSection
EndGlobal
